
Microsoft Visual Studio Solution File, Format Version 12.00
# Visual Studio Version 17
VisualStudioVersion = 17.7.34031.279
MinimumVisualStudioVersion = 10.0.40219.1
Project("{FAE04EC0-301F-11D3-BF4B-00C04F79EFBC}") = "Academia AMS", "Academia AMS.csproj", "{BF0DB79A-531B-4544-A041-7E77A769809C}"
EndProject
Global
	GlobalSection(SolutionConfigurationPlatforms) = preSolution
		Debug|Any CPU = Debug|Any CPU
		Release|Any CPU = Release|Any CPU
	EndGlobalSection
	GlobalSection(ProjectConfigurationPlatforms) = postSolution
		{BF0DB79A-531B-4544-A041-7E77A769809C}.Debug|Any CPU.ActiveCfg = Debug|Any CPU
		{BF0DB79A-531B-4544-A041-7E77A769809C}.Debug|Any CPU.Build.0 = Debug|Any CPU
		{BF0DB79A-531B-4544-A041-7E77A769809C}.Release|Any CPU.ActiveCfg = Release|Any CPU
		{BF0DB79A-531B-4544-A041-7E77A769809C}.Release|Any CPU.Build.0 = Release|Any CPU
	EndGlobalSection
	GlobalSection(SolutionProperties) = preSolution
		HideSolutionNode = FALSE
	EndGlobalSection
	GlobalSection(ExtensibilityGlobals) = postSolution
		SolutionGuid = {782721AC-5B6E-4604-BD97-A4D76F09B294}
	EndGlobalSection
EndGlobal
